// !$*UTF8*$!
{
	archiveVersion = 1;
	classes = {
	};
	objectVersion = 56;
	objects = {

/* Begin PBXBuildFile section */
		043097332BE6FBD60016FCD8 /* LibraryView.swift in Sources */ = {isa = PBXBuildFile; fileRef = 043097322BE6FBD60016FCD8 /* LibraryView.swift */; };
		043097352BE6FE430016FCD8 /* NameCardListView.swift in Sources */ = {isa = PBXBuildFile; fileRef = 043097342BE6FE430016FCD8 /* NameCardListView.swift */; };
		043097382BE7018C0016FCD8 /* MockData.swift in Sources */ = {isa = PBXBuildFile; fileRef = 043097372BE7018C0016FCD8 /* MockData.swift */; };
		047512BD2C5B2B40005F223A /* MealSectionView.swift in Sources */ = {isa = PBXBuildFile; fileRef = 047512BC2C5B2B40005F223A /* MealSectionView.swift */; };
		047512BF2C6568DE005F223A /* FoodItemEditView.swift in Sources */ = {isa = PBXBuildFile; fileRef = 047512BE2C6568DE005F223A /* FoodItemEditView.swift */; };
		04EB98A52C54B759001621A6 /* Meal.swift in Sources */ = {isa = PBXBuildFile; fileRef = 04EB98A42C54B759001621A6 /* Meal.swift */; };
		04EB98A72C54BA08001621A6 /* MealServices.swift in Sources */ = {isa = PBXBuildFile; fileRef = 04EB98A62C54BA08001621A6 /* MealServices.swift */; };
		04F208662C4CDDBB007E78D2 /* CalendarView.swift in Sources */ = {isa = PBXBuildFile; fileRef = 04F208652C4CDDBB007E78D2 /* CalendarView.swift */; };
		540CB1632C4BE7050033F69F /* DashboardView.swift in Sources */ = {isa = PBXBuildFile; fileRef = 540CB1622C4BE7050033F69F /* DashboardView.swift */; };
		540CB1652C4BE71F0033F69F /* DashboardViewModel.swift in Sources */ = {isa = PBXBuildFile; fileRef = 540CB1642C4BE71F0033F69F /* DashboardViewModel.swift */; };
		540CB16A2C4D05190033F69F /* MealInputView.swift in Sources */ = {isa = PBXBuildFile; fileRef = 540CB1692C4D05190033F69F /* MealInputView.swift */; };
		541D352C2BE3D7E600AF38AF /* AuthServices.swift in Sources */ = {isa = PBXBuildFile; fileRef = 541D35202BE3D7E600AF38AF /* AuthServices.swift */; };
		541D352D2BE3D7E600AF38AF /* SignInViewModel.swift in Sources */ = {isa = PBXBuildFile; fileRef = 541D35212BE3D7E600AF38AF /* SignInViewModel.swift */; };
		541D352E2BE3D7E600AF38AF /* RegisterViewModel.swift in Sources */ = {isa = PBXBuildFile; fileRef = 541D35222BE3D7E600AF38AF /* RegisterViewModel.swift */; };
		541D35322BE3D7E600AF38AF /* RegistrationView.swift in Sources */ = {isa = PBXBuildFile; fileRef = 541D35272BE3D7E600AF38AF /* RegistrationView.swift */; };
		541D35332BE3D7E600AF38AF /* SignInView.swift in Sources */ = {isa = PBXBuildFile; fileRef = 541D35282BE3D7E600AF38AF /* SignInView.swift */; };
		541D91C52BE7D323000DED2B /* TapGestures(legacy).swift in Sources */ = {isa = PBXBuildFile; fileRef = 541D91C42BE7D323000DED2B /* TapGestures(legacy).swift */; };
		541D91C82BE7DC75000DED2B /* GoogleSignIn in Frameworks */ = {isa = PBXBuildFile; productRef = 541D91C72BE7DC75000DED2B /* GoogleSignIn */; };
		541D91CA2BE7DC75000DED2B /* GoogleSignInSwift in Frameworks */ = {isa = PBXBuildFile; productRef = 541D91C92BE7DC75000DED2B /* GoogleSignInSwift */; };
		541D91CF2BE800FA000DED2B /* TopViewController.swift in Sources */ = {isa = PBXBuildFile; fileRef = 541D91CE2BE800FA000DED2B /* TopViewController.swift */; };
		542DF68F2C6F7FE1003A5568 /* KeyboardDismiss.swift in Sources */ = {isa = PBXBuildFile; fileRef = 542DF68E2C6F7FE1003A5568 /* KeyboardDismiss.swift */; };
		543AC1222BF27A7E004CC8E1 /* FirstTimeSignInView.swift in Sources */ = {isa = PBXBuildFile; fileRef = 543AC1212BF27A7E004CC8E1 /* FirstTimeSignInView.swift */; };
		5440E77B2C4A49B3007579EC /* GoogleService-Info.plist in Resources */ = {isa = PBXBuildFile; fileRef = 5440E77A2C4A49B3007579EC /* GoogleService-Info.plist */; };
		545700FC2C6E43C5008110D1 /* ProgressBarView.swift in Sources */ = {isa = PBXBuildFile; fileRef = 545700FB2C6E43C5008110D1 /* ProgressBarView.swift */; };
		547999662BE3DD80007A7CCE /* FirebaseAuth in Frameworks */ = {isa = PBXBuildFile; productRef = 547999652BE3DD80007A7CCE /* FirebaseAuth */; };
		547999682BE3DD80007A7CCE /* FirebaseFirestore in Frameworks */ = {isa = PBXBuildFile; productRef = 547999672BE3DD80007A7CCE /* FirebaseFirestore */; };
		5479996A2BE3DD80007A7CCE /* FirebaseFirestoreSwift in Frameworks */ = {isa = PBXBuildFile; productRef = 547999692BE3DD80007A7CCE /* FirebaseFirestoreSwift */; };
		5479996C2BE3DD80007A7CCE /* FirebaseStorage in Frameworks */ = {isa = PBXBuildFile; productRef = 5479996B2BE3DD80007A7CCE /* FirebaseStorage */; };
		547999712BE3DE05007A7CCE /* User.swift in Sources */ = {isa = PBXBuildFile; fileRef = 5479996D2BE3DE05007A7CCE /* User.swift */; };
		547999722BE3DE05007A7CCE /* UserCell.swift in Sources */ = {isa = PBXBuildFile; fileRef = 5479996E2BE3DE05007A7CCE /* UserCell.swift */; };
		547999732BE3DE05007A7CCE /* UserServices.swift in Sources */ = {isa = PBXBuildFile; fileRef = 5479996F2BE3DE05007A7CCE /* UserServices.swift */; };
		547999762BE3DE70007A7CCE /* AlertContent.swift in Sources */ = {isa = PBXBuildFile; fileRef = 547999752BE3DE70007A7CCE /* AlertContent.swift */; };
		547999782BE3DE9E007A7CCE /* StringExtension.swift in Sources */ = {isa = PBXBuildFile; fileRef = 547999772BE3DE9E007A7CCE /* StringExtension.swift */; };
		5479997C2BE3DF7D007A7CCE /* FirebaseConstants.swift in Sources */ = {isa = PBXBuildFile; fileRef = 5479997B2BE3DF7D007A7CCE /* FirebaseConstants.swift */; };
		5479997F2BE3E04F007A7CCE /* dividerOr.swift in Sources */ = {isa = PBXBuildFile; fileRef = 5479997E2BE3E04F007A7CCE /* dividerOr.swift */; };
		547999812BE3E15B007A7CCE /* CircularProfileImageView.swift in Sources */ = {isa = PBXBuildFile; fileRef = 547999802BE3E15B007A7CCE /* CircularProfileImageView.swift */; };
		547999842BE40D04007A7CCE /* Kingfisher in Frameworks */ = {isa = PBXBuildFile; productRef = 547999832BE40D04007A7CCE /* Kingfisher */; };
		547999862BE41D65007A7CCE /* MenuViewModel.swift in Sources */ = {isa = PBXBuildFile; fileRef = 547999852BE41D65007A7CCE /* MenuViewModel.swift */; };
		547999882BE41D7F007A7CCE /* MainMenuView.swift in Sources */ = {isa = PBXBuildFile; fileRef = 547999872BE41D7F007A7CCE /* MainMenuView.swift */; };
		547DA2DB2C711350003A37CA /* GradientColor.swift in Sources */ = {isa = PBXBuildFile; fileRef = 547DA2DA2C711350003A37CA /* GradientColor.swift */; };
		547FE76D2C4A55BF00C80790 /* ProfilePageEnum.swift in Sources */ = {isa = PBXBuildFile; fileRef = 547FE76A2C4A55BE00C80790 /* ProfilePageEnum.swift */; };
		547FE76E2C4A55BF00C80790 /* ProfilePageView.swift in Sources */ = {isa = PBXBuildFile; fileRef = 547FE76B2C4A55BE00C80790 /* ProfilePageView.swift */; };
		547FE76F2C4A55BF00C80790 /* ProfileViewModel.swift in Sources */ = {isa = PBXBuildFile; fileRef = 547FE76C2C4A55BF00C80790 /* ProfileViewModel.swift */; };
		547FE7722C4A566E00C80790 /* EditProfileView.swift in Sources */ = {isa = PBXBuildFile; fileRef = 547FE7712C4A566E00C80790 /* EditProfileView.swift */; };
		54A59C3E2C54E52F00617B83 /* FoodItem.swift in Sources */ = {isa = PBXBuildFile; fileRef = 54A59C3D2C54E52F00617B83 /* FoodItem.swift */; };
		54A59C422C550FF200617B83 /* PopUpMessageView.swift in Sources */ = {isa = PBXBuildFile; fileRef = 54A59C412C550FF200617B83 /* PopUpMessageView.swift */; };
		54B449992BDD407B00E35D49 /* Project_DHApp.swift in Sources */ = {isa = PBXBuildFile; fileRef = 54B449982BDD407B00E35D49 /* Project_DHApp.swift */; };
		54B4499B2BDD407B00E35D49 /* AppEntryView.swift in Sources */ = {isa = PBXBuildFile; fileRef = 54B4499A2BDD407B00E35D49 /* AppEntryView.swift */; };
		54B4499D2BDD407C00E35D49 /* Assets.xcassets in Resources */ = {isa = PBXBuildFile; fileRef = 54B4499C2BDD407C00E35D49 /* Assets.xcassets */; };
		54B449A02BDD407C00E35D49 /* Preview Assets.xcassets in Resources */ = {isa = PBXBuildFile; fileRef = 54B4499F2BDD407C00E35D49 /* Preview Assets.xcassets */; };
		54B80ECA2C5185600065B1B7 /* config.plist in Resources */ = {isa = PBXBuildFile; fileRef = 54B80EC92C5185600065B1B7 /* config.plist */; };
		54B80ECC2C5191350065B1B7 /* MealInputViewModel.swift in Sources */ = {isa = PBXBuildFile; fileRef = 54B80ECB2C5191350065B1B7 /* MealInputViewModel.swift */; };
		54BF6FE32C594095006151F6 /* MemoryManagement.swift in Sources */ = {isa = PBXBuildFile; fileRef = 54BF6FE22C594095006151F6 /* MemoryManagement.swift */; };
		54C06B132BEA85D1005D98A7 /* ForgotPasswordView.swift in Sources */ = {isa = PBXBuildFile; fileRef = 54C06B122BEA85D1005D98A7 /* ForgotPasswordView.swift */; };
		54C06B152BEBA129005D98A7 /* TimeManager.swift in Sources */ = {isa = PBXBuildFile; fileRef = 54C06B142BEBA129005D98A7 /* TimeManager.swift */; };
		54D631042BF77D2400AD4A66 /* DetailForm.swift in Sources */ = {isa = PBXBuildFile; fileRef = 54D630FF2BF77D2400AD4A66 /* DetailForm.swift */; };
		54D631052BF77D2400AD4A66 /* CardView1.swift in Sources */ = {isa = PBXBuildFile; fileRef = 54D631002BF77D2400AD4A66 /* CardView1.swift */; };
		54D631062BF77D2400AD4A66 /* OwnedNameCard.swift in Sources */ = {isa = PBXBuildFile; fileRef = 54D631012BF77D2400AD4A66 /* OwnedNameCard.swift */; };
		54D631072BF77D2400AD4A66 /* CardView2.swift in Sources */ = {isa = PBXBuildFile; fileRef = 54D631022BF77D2400AD4A66 /* CardView2.swift */; };
		54D6310A2BF77DA000AD4A66 /* NameCardInfo.swift in Sources */ = {isa = PBXBuildFile; fileRef = 54D631082BF77DA000AD4A66 /* NameCardInfo.swift */; };
		54D6310B2BF77DA000AD4A66 /* CardType.swift in Sources */ = {isa = PBXBuildFile; fileRef = 54D631092BF77DA000AD4A66 /* CardType.swift */; };
		54D6310D2BF77DF500AD4A66 /* CardListViewModel.swift in Sources */ = {isa = PBXBuildFile; fileRef = 54D6310C2BF77DF500AD4A66 /* CardListViewModel.swift */; };
		54E926B62BEE47D6001ACDD8 /* ImageTools.swift in Sources */ = {isa = PBXBuildFile; fileRef = 54E926B52BEE47D6001ACDD8 /* ImageTools.swift */; };
		54E926B82BEE4835001ACDD8 /* ImageServices.swift in Sources */ = {isa = PBXBuildFile; fileRef = 54E926B72BEE4835001ACDD8 /* ImageServices.swift */; };
		54E9D6D02C76721E00CFD7A0 /* RoundedCornerShape.swift in Sources */ = {isa = PBXBuildFile; fileRef = 54E9D6CF2C76721E00CFD7A0 /* RoundedCornerShape.swift */; };
		54E9D6D22C76726200CFD7A0 /* TopShadow.swift in Sources */ = {isa = PBXBuildFile; fileRef = 54E9D6D12C76726200CFD7A0 /* TopShadow.swift */; };
		54E9D6D42C76864400CFD7A0 /* UIConstants.swift in Sources */ = {isa = PBXBuildFile; fileRef = 54E9D6D32C76864300CFD7A0 /* UIConstants.swift */; };
		54FB02802C4BD8D9004D8451 /* ChatSelectionView.swift in Sources */ = {isa = PBXBuildFile; fileRef = 54FB027F2C4BD8D9004D8451 /* ChatSelectionView.swift */; };
		54FB02822C4BD907004D8451 /* ChatView.swift in Sources */ = {isa = PBXBuildFile; fileRef = 54FB02812C4BD907004D8451 /* ChatView.swift */; };
		54FB02842C4BD974004D8451 /* ChatSelectionViewModel.swift in Sources */ = {isa = PBXBuildFile; fileRef = 54FB02832C4BD974004D8451 /* ChatSelectionViewModel.swift */; };
		54FB02862C4BD9EA004D8451 /* ChatViewModel.swift in Sources */ = {isa = PBXBuildFile; fileRef = 54FB02852C4BD9EA004D8451 /* ChatViewModel.swift */; };
		54FB028B2C4BDAD9004D8451 /* OpenAI in Frameworks */ = {isa = PBXBuildFile; productRef = 54FB028A2C4BDAD9004D8451 /* OpenAI */; };
/* End PBXBuildFile section */

/* Begin PBXFileReference section */
		043097322BE6FBD60016FCD8 /* LibraryView.swift */ = {isa = PBXFileReference; lastKnownFileType = sourcecode.swift; path = LibraryView.swift; sourceTree = "<group>"; };
		043097342BE6FE430016FCD8 /* NameCardListView.swift */ = {isa = PBXFileReference; lastKnownFileType = sourcecode.swift; path = NameCardListView.swift; sourceTree = "<group>"; };
		043097372BE7018C0016FCD8 /* MockData.swift */ = {isa = PBXFileReference; lastKnownFileType = sourcecode.swift; path = MockData.swift; sourceTree = "<group>"; };
		047512BC2C5B2B40005F223A /* MealSectionView.swift */ = {isa = PBXFileReference; lastKnownFileType = sourcecode.swift; path = MealSectionView.swift; sourceTree = "<group>"; };
		047512BE2C6568DE005F223A /* FoodItemEditView.swift */ = {isa = PBXFileReference; lastKnownFileType = sourcecode.swift; path = FoodItemEditView.swift; sourceTree = "<group>"; };
		04EB98A42C54B759001621A6 /* Meal.swift */ = {isa = PBXFileReference; lastKnownFileType = sourcecode.swift; path = Meal.swift; sourceTree = "<group>"; };
		04EB98A62C54BA08001621A6 /* MealServices.swift */ = {isa = PBXFileReference; lastKnownFileType = sourcecode.swift; path = MealServices.swift; sourceTree = "<group>"; };
		04F208652C4CDDBB007E78D2 /* CalendarView.swift */ = {isa = PBXFileReference; lastKnownFileType = sourcecode.swift; path = CalendarView.swift; sourceTree = "<group>"; };
		540CB1622C4BE7050033F69F /* DashboardView.swift */ = {isa = PBXFileReference; lastKnownFileType = sourcecode.swift; path = DashboardView.swift; sourceTree = "<group>"; };
		540CB1642C4BE71F0033F69F /* DashboardViewModel.swift */ = {isa = PBXFileReference; lastKnownFileType = sourcecode.swift; path = DashboardViewModel.swift; sourceTree = "<group>"; };
		540CB1692C4D05190033F69F /* MealInputView.swift */ = {isa = PBXFileReference; lastKnownFileType = sourcecode.swift; path = MealInputView.swift; sourceTree = "<group>"; };
		541D35202BE3D7E600AF38AF /* AuthServices.swift */ = {isa = PBXFileReference; fileEncoding = 4; lastKnownFileType = sourcecode.swift; path = AuthServices.swift; sourceTree = "<group>"; };
		541D35212BE3D7E600AF38AF /* SignInViewModel.swift */ = {isa = PBXFileReference; fileEncoding = 4; lastKnownFileType = sourcecode.swift; path = SignInViewModel.swift; sourceTree = "<group>"; };
		541D35222BE3D7E600AF38AF /* RegisterViewModel.swift */ = {isa = PBXFileReference; fileEncoding = 4; lastKnownFileType = sourcecode.swift; path = RegisterViewModel.swift; sourceTree = "<group>"; };
		541D35272BE3D7E600AF38AF /* RegistrationView.swift */ = {isa = PBXFileReference; fileEncoding = 4; lastKnownFileType = sourcecode.swift; path = RegistrationView.swift; sourceTree = "<group>"; };
		541D35282BE3D7E600AF38AF /* SignInView.swift */ = {isa = PBXFileReference; fileEncoding = 4; lastKnownFileType = sourcecode.swift; path = SignInView.swift; sourceTree = "<group>"; };
		541D91C42BE7D323000DED2B /* TapGestures(legacy).swift */ = {isa = PBXFileReference; lastKnownFileType = sourcecode.swift; path = "TapGestures(legacy).swift"; sourceTree = "<group>"; };
		541D91CD2BE7E09B000DED2B /* Project-DH-Info.plist */ = {isa = PBXFileReference; lastKnownFileType = text.plist.xml; path = "Project-DH-Info.plist"; sourceTree = SOURCE_ROOT; };
		541D91CE2BE800FA000DED2B /* TopViewController.swift */ = {isa = PBXFileReference; lastKnownFileType = sourcecode.swift; path = TopViewController.swift; sourceTree = "<group>"; };
		542DF68E2C6F7FE1003A5568 /* KeyboardDismiss.swift */ = {isa = PBXFileReference; lastKnownFileType = sourcecode.swift; path = KeyboardDismiss.swift; sourceTree = "<group>"; };
		543AC1212BF27A7E004CC8E1 /* FirstTimeSignInView.swift */ = {isa = PBXFileReference; lastKnownFileType = sourcecode.swift; path = FirstTimeSignInView.swift; sourceTree = "<group>"; };
		5440E77A2C4A49B3007579EC /* GoogleService-Info.plist */ = {isa = PBXFileReference; fileEncoding = 4; lastKnownFileType = text.plist.xml; path = "GoogleService-Info.plist"; sourceTree = "<group>"; };
		545700FB2C6E43C5008110D1 /* ProgressBarView.swift */ = {isa = PBXFileReference; lastKnownFileType = sourcecode.swift; path = ProgressBarView.swift; sourceTree = "<group>"; };
		5479996D2BE3DE05007A7CCE /* User.swift */ = {isa = PBXFileReference; fileEncoding = 4; lastKnownFileType = sourcecode.swift; path = User.swift; sourceTree = "<group>"; };
		5479996E2BE3DE05007A7CCE /* UserCell.swift */ = {isa = PBXFileReference; fileEncoding = 4; lastKnownFileType = sourcecode.swift; path = UserCell.swift; sourceTree = "<group>"; };
		5479996F2BE3DE05007A7CCE /* UserServices.swift */ = {isa = PBXFileReference; fileEncoding = 4; lastKnownFileType = sourcecode.swift; path = UserServices.swift; sourceTree = "<group>"; };
		547999752BE3DE70007A7CCE /* AlertContent.swift */ = {isa = PBXFileReference; fileEncoding = 4; lastKnownFileType = sourcecode.swift; path = AlertContent.swift; sourceTree = "<group>"; };
		547999772BE3DE9E007A7CCE /* StringExtension.swift */ = {isa = PBXFileReference; fileEncoding = 4; lastKnownFileType = sourcecode.swift; path = StringExtension.swift; sourceTree = "<group>"; };
		5479997B2BE3DF7D007A7CCE /* FirebaseConstants.swift */ = {isa = PBXFileReference; fileEncoding = 4; lastKnownFileType = sourcecode.swift; path = FirebaseConstants.swift; sourceTree = "<group>"; };
		5479997E2BE3E04F007A7CCE /* dividerOr.swift */ = {isa = PBXFileReference; fileEncoding = 4; lastKnownFileType = sourcecode.swift; path = dividerOr.swift; sourceTree = "<group>"; };
		547999802BE3E15B007A7CCE /* CircularProfileImageView.swift */ = {isa = PBXFileReference; fileEncoding = 4; lastKnownFileType = sourcecode.swift; path = CircularProfileImageView.swift; sourceTree = "<group>"; };
		547999852BE41D65007A7CCE /* MenuViewModel.swift */ = {isa = PBXFileReference; fileEncoding = 4; lastKnownFileType = sourcecode.swift; path = MenuViewModel.swift; sourceTree = "<group>"; };
		547999872BE41D7F007A7CCE /* MainMenuView.swift */ = {isa = PBXFileReference; fileEncoding = 4; lastKnownFileType = sourcecode.swift; path = MainMenuView.swift; sourceTree = "<group>"; };
		547DA2DA2C711350003A37CA /* GradientColor.swift */ = {isa = PBXFileReference; lastKnownFileType = sourcecode.swift; path = GradientColor.swift; sourceTree = "<group>"; };
		547FE76A2C4A55BE00C80790 /* ProfilePageEnum.swift */ = {isa = PBXFileReference; fileEncoding = 4; lastKnownFileType = sourcecode.swift; path = ProfilePageEnum.swift; sourceTree = "<group>"; };
		547FE76B2C4A55BE00C80790 /* ProfilePageView.swift */ = {isa = PBXFileReference; fileEncoding = 4; lastKnownFileType = sourcecode.swift; path = ProfilePageView.swift; sourceTree = "<group>"; };
		547FE76C2C4A55BF00C80790 /* ProfileViewModel.swift */ = {isa = PBXFileReference; fileEncoding = 4; lastKnownFileType = sourcecode.swift; path = ProfileViewModel.swift; sourceTree = "<group>"; };
		547FE7712C4A566E00C80790 /* EditProfileView.swift */ = {isa = PBXFileReference; fileEncoding = 4; lastKnownFileType = sourcecode.swift; path = EditProfileView.swift; sourceTree = "<group>"; };
		54A59C3D2C54E52F00617B83 /* FoodItem.swift */ = {isa = PBXFileReference; lastKnownFileType = sourcecode.swift; path = FoodItem.swift; sourceTree = "<group>"; };
		54A59C412C550FF200617B83 /* PopUpMessageView.swift */ = {isa = PBXFileReference; lastKnownFileType = sourcecode.swift; path = PopUpMessageView.swift; sourceTree = "<group>"; };
		54B449952BDD407B00E35D49 /* Project_DH.app */ = {isa = PBXFileReference; explicitFileType = wrapper.application; includeInIndex = 0; path = Project_DH.app; sourceTree = BUILT_PRODUCTS_DIR; };
		54B449982BDD407B00E35D49 /* Project_DHApp.swift */ = {isa = PBXFileReference; lastKnownFileType = sourcecode.swift; path = Project_DHApp.swift; sourceTree = "<group>"; };
		54B4499A2BDD407B00E35D49 /* AppEntryView.swift */ = {isa = PBXFileReference; lastKnownFileType = sourcecode.swift; path = AppEntryView.swift; sourceTree = "<group>"; };
		54B4499C2BDD407C00E35D49 /* Assets.xcassets */ = {isa = PBXFileReference; lastKnownFileType = folder.assetcatalog; path = Assets.xcassets; sourceTree = "<group>"; };
		54B4499F2BDD407C00E35D49 /* Preview Assets.xcassets */ = {isa = PBXFileReference; lastKnownFileType = folder.assetcatalog; path = "Preview Assets.xcassets"; sourceTree = "<group>"; };
		54B80EC92C5185600065B1B7 /* config.plist */ = {isa = PBXFileReference; lastKnownFileType = text.plist.xml; path = config.plist; sourceTree = "<group>"; };
		54B80ECB2C5191350065B1B7 /* MealInputViewModel.swift */ = {isa = PBXFileReference; lastKnownFileType = sourcecode.swift; path = MealInputViewModel.swift; sourceTree = "<group>"; };
		54BF6FE22C594095006151F6 /* MemoryManagement.swift */ = {isa = PBXFileReference; lastKnownFileType = sourcecode.swift; path = MemoryManagement.swift; sourceTree = "<group>"; };
		54C06B112BE9665D005D98A7 /* Project_DHDebug.entitlements */ = {isa = PBXFileReference; lastKnownFileType = text.plist.entitlements; path = Project_DHDebug.entitlements; sourceTree = "<group>"; };
		54C06B122BEA85D1005D98A7 /* ForgotPasswordView.swift */ = {isa = PBXFileReference; lastKnownFileType = sourcecode.swift; path = ForgotPasswordView.swift; sourceTree = "<group>"; };
		54C06B142BEBA129005D98A7 /* TimeManager.swift */ = {isa = PBXFileReference; lastKnownFileType = sourcecode.swift; path = TimeManager.swift; sourceTree = "<group>"; };
		54D630FF2BF77D2400AD4A66 /* DetailForm.swift */ = {isa = PBXFileReference; fileEncoding = 4; lastKnownFileType = sourcecode.swift; path = DetailForm.swift; sourceTree = "<group>"; };
		54D631002BF77D2400AD4A66 /* CardView1.swift */ = {isa = PBXFileReference; fileEncoding = 4; lastKnownFileType = sourcecode.swift; path = CardView1.swift; sourceTree = "<group>"; };
		54D631012BF77D2400AD4A66 /* OwnedNameCard.swift */ = {isa = PBXFileReference; fileEncoding = 4; lastKnownFileType = sourcecode.swift; path = OwnedNameCard.swift; sourceTree = "<group>"; };
		54D631022BF77D2400AD4A66 /* CardView2.swift */ = {isa = PBXFileReference; fileEncoding = 4; lastKnownFileType = sourcecode.swift; path = CardView2.swift; sourceTree = "<group>"; };
		54D631082BF77DA000AD4A66 /* NameCardInfo.swift */ = {isa = PBXFileReference; fileEncoding = 4; lastKnownFileType = sourcecode.swift; path = NameCardInfo.swift; sourceTree = "<group>"; };
		54D631092BF77DA000AD4A66 /* CardType.swift */ = {isa = PBXFileReference; fileEncoding = 4; lastKnownFileType = sourcecode.swift; path = CardType.swift; sourceTree = "<group>"; };
		54D6310C2BF77DF500AD4A66 /* CardListViewModel.swift */ = {isa = PBXFileReference; fileEncoding = 4; lastKnownFileType = sourcecode.swift; path = CardListViewModel.swift; sourceTree = "<group>"; };
		54E926B52BEE47D6001ACDD8 /* ImageTools.swift */ = {isa = PBXFileReference; lastKnownFileType = sourcecode.swift; path = ImageTools.swift; sourceTree = "<group>"; };
		54E926B72BEE4835001ACDD8 /* ImageServices.swift */ = {isa = PBXFileReference; lastKnownFileType = sourcecode.swift; path = ImageServices.swift; sourceTree = "<group>"; };
		54E9D6CF2C76721E00CFD7A0 /* RoundedCornerShape.swift */ = {isa = PBXFileReference; lastKnownFileType = sourcecode.swift; path = RoundedCornerShape.swift; sourceTree = "<group>"; };
		54E9D6D12C76726200CFD7A0 /* TopShadow.swift */ = {isa = PBXFileReference; lastKnownFileType = sourcecode.swift; path = TopShadow.swift; sourceTree = "<group>"; };
		54E9D6D32C76864300CFD7A0 /* UIConstants.swift */ = {isa = PBXFileReference; lastKnownFileType = sourcecode.swift; path = UIConstants.swift; sourceTree = "<group>"; };
		54FB027F2C4BD8D9004D8451 /* ChatSelectionView.swift */ = {isa = PBXFileReference; lastKnownFileType = sourcecode.swift; path = ChatSelectionView.swift; sourceTree = "<group>"; };
		54FB02812C4BD907004D8451 /* ChatView.swift */ = {isa = PBXFileReference; lastKnownFileType = sourcecode.swift; path = ChatView.swift; sourceTree = "<group>"; };
		54FB02832C4BD974004D8451 /* ChatSelectionViewModel.swift */ = {isa = PBXFileReference; lastKnownFileType = sourcecode.swift; path = ChatSelectionViewModel.swift; sourceTree = "<group>"; };
		54FB02852C4BD9EA004D8451 /* ChatViewModel.swift */ = {isa = PBXFileReference; lastKnownFileType = sourcecode.swift; path = ChatViewModel.swift; sourceTree = "<group>"; };
/* End PBXFileReference section */

/* Begin PBXFrameworksBuildPhase section */
		54B449922BDD407B00E35D49 /* Frameworks */ = {
			isa = PBXFrameworksBuildPhase;
			buildActionMask = 2147483647;
			files = (
				547999662BE3DD80007A7CCE /* FirebaseAuth in Frameworks */,
				5479996C2BE3DD80007A7CCE /* FirebaseStorage in Frameworks */,
				54FB028B2C4BDAD9004D8451 /* OpenAI in Frameworks */,
				541D91CA2BE7DC75000DED2B /* GoogleSignInSwift in Frameworks */,
				547999682BE3DD80007A7CCE /* FirebaseFirestore in Frameworks */,
				5479996A2BE3DD80007A7CCE /* FirebaseFirestoreSwift in Frameworks */,
				547999842BE40D04007A7CCE /* Kingfisher in Frameworks */,
				541D91C82BE7DC75000DED2B /* GoogleSignIn in Frameworks */,
			);
			runOnlyForDeploymentPostprocessing = 0;
		};
/* End PBXFrameworksBuildPhase section */

/* Begin PBXGroup section */
		043097212BE6EB910016FCD8 /* NameCardRepo */ = {
			isa = PBXGroup;
			children = (
				043097252BE6EC2D0016FCD8 /* View */,
				043097262BE6EC7F0016FCD8 /* ViewModel */,
			);
			path = NameCardRepo;
			sourceTree = "<group>";
		};
		043097222BE6EBD60016FCD8 /* CardTemplateLibrary */ = {
			isa = PBXGroup;
			children = (
				043097272BE6EC960016FCD8 /* View */,
				043097282BE6ECA00016FCD8 /* ViewModel */,
			);
			path = CardTemplateLibrary;
			sourceTree = "<group>";
		};
		043097252BE6EC2D0016FCD8 /* View */ = {
			isa = PBXGroup;
			children = (
				043097342BE6FE430016FCD8 /* NameCardListView.swift */,
			);
			path = View;
			sourceTree = "<group>";
		};
		043097262BE6EC7F0016FCD8 /* ViewModel */ = {
			isa = PBXGroup;
			children = (
				54D6310C2BF77DF500AD4A66 /* CardListViewModel.swift */,
			);
			path = ViewModel;
			sourceTree = "<group>";
		};
		043097272BE6EC960016FCD8 /* View */ = {
			isa = PBXGroup;
			children = (
				54D631002BF77D2400AD4A66 /* CardView1.swift */,
				54D631022BF77D2400AD4A66 /* CardView2.swift */,
				54D630FF2BF77D2400AD4A66 /* DetailForm.swift */,
				54D631012BF77D2400AD4A66 /* OwnedNameCard.swift */,
				043097322BE6FBD60016FCD8 /* LibraryView.swift */,
			);
			path = View;
			sourceTree = "<group>";
		};
		043097282BE6ECA00016FCD8 /* ViewModel */ = {
			isa = PBXGroup;
			children = (
				54D631092BF77DA000AD4A66 /* CardType.swift */,
				54D631082BF77DA000AD4A66 /* NameCardInfo.swift */,
			);
			path = ViewModel;
			sourceTree = "<group>";
		};
		043097362BE701430016FCD8 /* MockData */ = {
			isa = PBXGroup;
			children = (
				043097372BE7018C0016FCD8 /* MockData.swift */,
			);
			path = MockData;
			sourceTree = "<group>";
		};
		540CB15F2C4BE6E20033F69F /* Dashboard */ = {
			isa = PBXGroup;
			children = (
				540CB1602C4BE6ED0033F69F /* View */,
				540CB1612C4BE6F10033F69F /* ViewModel */,
			);
			path = Dashboard;
			sourceTree = "<group>";
		};
		540CB1602C4BE6ED0033F69F /* View */ = {
			isa = PBXGroup;
			children = (
				540CB1622C4BE7050033F69F /* DashboardView.swift */,
				047512BC2C5B2B40005F223A /* MealSectionView.swift */,
				04F208652C4CDDBB007E78D2 /* CalendarView.swift */,
				047512BE2C6568DE005F223A /* FoodItemEditView.swift */,
			);
			path = View;
			sourceTree = "<group>";
		};
		540CB1612C4BE6F10033F69F /* ViewModel */ = {
			isa = PBXGroup;
			children = (
				540CB1642C4BE71F0033F69F /* DashboardViewModel.swift */,
				04EB98A42C54B759001621A6 /* Meal.swift */,
				54A59C3D2C54E52F00617B83 /* FoodItem.swift */,
				04EB98A62C54BA08001621A6 /* MealServices.swift */,
			);
			path = ViewModel;
			sourceTree = "<group>";
		};
		540CB1662C4D04EB0033F69F /* MealInput */ = {
			isa = PBXGroup;
			children = (
				540CB1672C4D04F90033F69F /* View */,
				540CB1682C4D04FD0033F69F /* ViewModel */,
			);
			path = MealInput;
			sourceTree = "<group>";
		};
		540CB1672C4D04F90033F69F /* View */ = {
			isa = PBXGroup;
			children = (
				540CB1692C4D05190033F69F /* MealInputView.swift */,
			);
			path = View;
			sourceTree = "<group>";
		};
		540CB1682C4D04FD0033F69F /* ViewModel */ = {
			isa = PBXGroup;
			children = (
				54B80ECB2C5191350065B1B7 /* MealInputViewModel.swift */,
			);
			path = ViewModel;
			sourceTree = "<group>";
		};
		540CB16B2C4D05490033F69F /* CameraModule */ = {
			isa = PBXGroup;
			children = (
				54E926B52BEE47D6001ACDD8 /* ImageTools.swift */,
				54E926B72BEE4835001ACDD8 /* ImageServices.swift */,
			);
			path = CameraModule;
			sourceTree = "<group>";
		};
		541D351F2BE3D79100AF38AF /* Authentication */ = {
			isa = PBXGroup;
			children = (
				541D35292BE3D7E600AF38AF /* View */,
				541D35232BE3D7E600AF38AF /* ViewModel */,
			);
			path = Authentication;
			sourceTree = "<group>";
		};
		541D35232BE3D7E600AF38AF /* ViewModel */ = {
			isa = PBXGroup;
			children = (
				541D35202BE3D7E600AF38AF /* AuthServices.swift */,
				541D35212BE3D7E600AF38AF /* SignInViewModel.swift */,
				541D35222BE3D7E600AF38AF /* RegisterViewModel.swift */,
			);
			path = ViewModel;
			sourceTree = "<group>";
		};
		541D35292BE3D7E600AF38AF /* View */ = {
			isa = PBXGroup;
			children = (
				541D35272BE3D7E600AF38AF /* RegistrationView.swift */,
				541D35282BE3D7E600AF38AF /* SignInView.swift */,
				54C06B122BEA85D1005D98A7 /* ForgotPasswordView.swift */,
				543AC1212BF27A7E004CC8E1 /* FirstTimeSignInView.swift */,
			);
			path = View;
			sourceTree = "<group>";
		};
		547999702BE3DE05007A7CCE /* User */ = {
			isa = PBXGroup;
			children = (
				5479996D2BE3DE05007A7CCE /* User.swift */,
				5479996E2BE3DE05007A7CCE /* UserCell.swift */,
				5479996F2BE3DE05007A7CCE /* UserServices.swift */,
			);
			path = User;
			sourceTree = "<group>";
		};
		547999742BE3DE63007A7CCE /* Utilities */ = {
			isa = PBXGroup;
			children = (
				540CB16B2C4D05490033F69F /* CameraModule */,
				043097362BE701430016FCD8 /* MockData */,
				5479997B2BE3DF7D007A7CCE /* FirebaseConstants.swift */,
				547999752BE3DE70007A7CCE /* AlertContent.swift */,
				547999772BE3DE9E007A7CCE /* StringExtension.swift */,
				541D91C42BE7D323000DED2B /* TapGestures(legacy).swift */,
				541D91CE2BE800FA000DED2B /* TopViewController.swift */,
				54C06B142BEBA129005D98A7 /* TimeManager.swift */,
				54A59C412C550FF200617B83 /* PopUpMessageView.swift */,
				54BF6FE22C594095006151F6 /* MemoryManagement.swift */,
				542DF68E2C6F7FE1003A5568 /* KeyboardDismiss.swift */,
				547DA2DA2C711350003A37CA /* GradientColor.swift */,
				54E9D6CF2C76721E00CFD7A0 /* RoundedCornerShape.swift */,
				54E9D6D12C76726200CFD7A0 /* TopShadow.swift */,
				54E9D6D32C76864300CFD7A0 /* UIConstants.swift */,
			);
			path = Utilities;
			sourceTree = "<group>";
		};
		5479997D2BE3E019007A7CCE /* ViewComponents */ = {
			isa = PBXGroup;
			children = (
				547999802BE3E15B007A7CCE /* CircularProfileImageView.swift */,
				5479997E2BE3E04F007A7CCE /* dividerOr.swift */,
				545700FB2C6E43C5008110D1 /* ProgressBarView.swift */,
			);
			path = ViewComponents;
			sourceTree = "<group>";
		};
		547999892BE41DA2007A7CCE /* MainMenu */ = {
			isa = PBXGroup;
			children = (
				54FB02872C4BDA6E004D8451 /* View */,
				54FB02882C4BDA77004D8451 /* ViewModel */,
			);
			path = MainMenu;
			sourceTree = "<group>";
		};
		547FE7692C4A558E00C80790 /* Profile */ = {
			isa = PBXGroup;
			children = (
				547FE7702C4A55CC00C80790 /* View */,
				547FE7732C4A56D400C80790 /* ViewModel */,
			);
			path = Profile;
			sourceTree = "<group>";
		};
		547FE7702C4A55CC00C80790 /* View */ = {
			isa = PBXGroup;
			children = (
				547FE76B2C4A55BE00C80790 /* ProfilePageView.swift */,
				547FE7712C4A566E00C80790 /* EditProfileView.swift */,
			);
			path = View;
			sourceTree = "<group>";
		};
		547FE7732C4A56D400C80790 /* ViewModel */ = {
			isa = PBXGroup;
			children = (
				547FE76A2C4A55BE00C80790 /* ProfilePageEnum.swift */,
				547FE76C2C4A55BF00C80790 /* ProfileViewModel.swift */,
			);
			path = ViewModel;
			sourceTree = "<group>";
		};
		54B4498C2BDD407B00E35D49 = {
			isa = PBXGroup;
			children = (
				54B449972BDD407B00E35D49 /* Project_DH */,
				54B449962BDD407B00E35D49 /* Products */,
			);
			sourceTree = "<group>";
		};
		54B449962BDD407B00E35D49 /* Products */ = {
			isa = PBXGroup;
			children = (
				54B449952BDD407B00E35D49 /* Project_DH.app */,
			);
			name = Products;
			sourceTree = "<group>";
		};
		54B449972BDD407B00E35D49 /* Project_DH */ = {
			isa = PBXGroup;
			children = (
				54B449982BDD407B00E35D49 /* Project_DHApp.swift */,
				54B4499A2BDD407B00E35D49 /* AppEntryView.swift */,
				541D351F2BE3D79100AF38AF /* Authentication */,
				547999892BE41DA2007A7CCE /* MainMenu */,
				540CB15F2C4BE6E20033F69F /* Dashboard */,
				54FB027C2C4BD786004D8451 /* AI_Advisor */,
				540CB1662C4D04EB0033F69F /* MealInput */,
				547FE7692C4A558E00C80790 /* Profile */,
				547999702BE3DE05007A7CCE /* User */,
				5479997D2BE3E019007A7CCE /* ViewComponents */,
				547999742BE3DE63007A7CCE /* Utilities */,
				54B4499E2BDD407C00E35D49 /* Preview Content */,
				54E9D6D52C773A3900CFD7A0 /* Legacy */,
				54B4499C2BDD407C00E35D49 /* Assets.xcassets */,
				541D91CD2BE7E09B000DED2B /* Project-DH-Info.plist */,
				54C06B112BE9665D005D98A7 /* Project_DHDebug.entitlements */,
				54B80EC92C5185600065B1B7 /* config.plist */,
			);
			path = Project_DH;
			sourceTree = "<group>";
		};
		54B4499E2BDD407C00E35D49 /* Preview Content */ = {
			isa = PBXGroup;
			children = (
				5440E77A2C4A49B3007579EC /* GoogleService-Info.plist */,
				54B4499F2BDD407C00E35D49 /* Preview Assets.xcassets */,
			);
			path = "Preview Content";
			sourceTree = "<group>";
		};
		54E9D6D52C773A3900CFD7A0 /* Legacy */ = {
			isa = PBXGroup;
			children = (
				043097212BE6EB910016FCD8 /* NameCardRepo */,
				043097222BE6EBD60016FCD8 /* CardTemplateLibrary */,
			);
			path = Legacy;
			sourceTree = "<group>";
		};
		54FB027C2C4BD786004D8451 /* AI_Advisor */ = {
			isa = PBXGroup;
			children = (
				54FB027D2C4BD874004D8451 /* View */,
				54FB027E2C4BD87B004D8451 /* ViewModel */,
			);
			path = AI_Advisor;
			sourceTree = "<group>";
		};
		54FB027D2C4BD874004D8451 /* View */ = {
			isa = PBXGroup;
			children = (
				54FB027F2C4BD8D9004D8451 /* ChatSelectionView.swift */,
				54FB02812C4BD907004D8451 /* ChatView.swift */,
			);
			path = View;
			sourceTree = "<group>";
		};
		54FB027E2C4BD87B004D8451 /* ViewModel */ = {
			isa = PBXGroup;
			children = (
				54FB02832C4BD974004D8451 /* ChatSelectionViewModel.swift */,
				54FB02852C4BD9EA004D8451 /* ChatViewModel.swift */,
			);
			path = ViewModel;
			sourceTree = "<group>";
		};
		54FB02872C4BDA6E004D8451 /* View */ = {
			isa = PBXGroup;
			children = (
				547999872BE41D7F007A7CCE /* MainMenuView.swift */,
			);
			path = View;
			sourceTree = "<group>";
		};
		54FB02882C4BDA77004D8451 /* ViewModel */ = {
			isa = PBXGroup;
			children = (
				547999852BE41D65007A7CCE /* MenuViewModel.swift */,
			);
			path = ViewModel;
			sourceTree = "<group>";
		};
/* End PBXGroup section */

/* Begin PBXNativeTarget section */
		54B449942BDD407B00E35D49 /* Project_DH */ = {
			isa = PBXNativeTarget;
			buildConfigurationList = 54B449A32BDD407C00E35D49 /* Build configuration list for PBXNativeTarget "Project_DH" */;
			buildPhases = (
				54B449912BDD407B00E35D49 /* Sources */,
				54B449922BDD407B00E35D49 /* Frameworks */,
				54B449932BDD407B00E35D49 /* Resources */,
			);
			buildRules = (
			);
			dependencies = (
			);
			name = Project_DH;
			packageProductDependencies = (
				547999652BE3DD80007A7CCE /* FirebaseAuth */,
				547999672BE3DD80007A7CCE /* FirebaseFirestore */,
				547999692BE3DD80007A7CCE /* FirebaseFirestoreSwift */,
				5479996B2BE3DD80007A7CCE /* FirebaseStorage */,
				547999832BE40D04007A7CCE /* Kingfisher */,
				541D91C72BE7DC75000DED2B /* GoogleSignIn */,
				541D91C92BE7DC75000DED2B /* GoogleSignInSwift */,
				54FB028A2C4BDAD9004D8451 /* OpenAI */,
			);
			productName = Project_Me;
			productReference = 54B449952BDD407B00E35D49 /* Project_DH.app */;
			productType = "com.apple.product-type.application";
		};
/* End PBXNativeTarget section */

/* Begin PBXProject section */
		54B4498D2BDD407B00E35D49 /* Project object */ = {
			isa = PBXProject;
			attributes = {
				BuildIndependentTargetsInParallel = 1;
				LastSwiftUpdateCheck = 1530;
				LastUpgradeCheck = 1530;
				TargetAttributes = {
					54B449942BDD407B00E35D49 = {
						CreatedOnToolsVersion = 15.3;
					};
				};
			};
			buildConfigurationList = 54B449902BDD407B00E35D49 /* Build configuration list for PBXProject "Project_DH" */;
			compatibilityVersion = "Xcode 14.0";
			developmentRegion = en;
			hasScannedForEncodings = 0;
			knownRegions = (
				en,
				Base,
			);
			mainGroup = 54B4498C2BDD407B00E35D49;
			packageReferences = (
				541D35362BE3DA2600AF38AF /* XCRemoteSwiftPackageReference "firebase-ios-sdk" */,
				547999822BE40D04007A7CCE /* XCRemoteSwiftPackageReference "Kingfisher" */,
				541D91C62BE7DC75000DED2B /* XCRemoteSwiftPackageReference "GoogleSignIn-iOS" */,
				54FB02892C4BDAD9004D8451 /* XCRemoteSwiftPackageReference "OpenAI" */,
			);
			productRefGroup = 54B449962BDD407B00E35D49 /* Products */;
			projectDirPath = "";
			projectRoot = "";
			targets = (
				54B449942BDD407B00E35D49 /* Project_DH */,
			);
		};
/* End PBXProject section */

/* Begin PBXResourcesBuildPhase section */
		54B449932BDD407B00E35D49 /* Resources */ = {
			isa = PBXResourcesBuildPhase;
			buildActionMask = 2147483647;
			files = (
				54B80ECA2C5185600065B1B7 /* config.plist in Resources */,
				54B449A02BDD407C00E35D49 /* Preview Assets.xcassets in Resources */,
				54B4499D2BDD407C00E35D49 /* Assets.xcassets in Resources */,
				5440E77B2C4A49B3007579EC /* GoogleService-Info.plist in Resources */,
			);
			runOnlyForDeploymentPostprocessing = 0;
		};
/* End PBXResourcesBuildPhase section */

/* Begin PBXSourcesBuildPhase section */
		54B449912BDD407B00E35D49 /* Sources */ = {
			isa = PBXSourcesBuildPhase;
			buildActionMask = 2147483647;
			files = (
				541D352D2BE3D7E600AF38AF /* SignInViewModel.swift in Sources */,
				541D91CF2BE800FA000DED2B /* TopViewController.swift in Sources */,
				541D352E2BE3D7E600AF38AF /* RegisterViewModel.swift in Sources */,
				547FE76D2C4A55BF00C80790 /* ProfilePageEnum.swift in Sources */,
				547999732BE3DE05007A7CCE /* UserServices.swift in Sources */,
				04F208662C4CDDBB007E78D2 /* CalendarView.swift in Sources */,
				54D631052BF77D2400AD4A66 /* CardView1.swift in Sources */,
				043097352BE6FE430016FCD8 /* NameCardListView.swift in Sources */,
				54D631072BF77D2400AD4A66 /* CardView2.swift in Sources */,
				047512BF2C6568DE005F223A /* FoodItemEditView.swift in Sources */,
				54D631062BF77D2400AD4A66 /* OwnedNameCard.swift in Sources */,
				04EB98A52C54B759001621A6 /* Meal.swift in Sources */,
				542DF68F2C6F7FE1003A5568 /* KeyboardDismiss.swift in Sources */,
				54D6310A2BF77DA000AD4A66 /* NameCardInfo.swift in Sources */,
				5479997C2BE3DF7D007A7CCE /* FirebaseConstants.swift in Sources */,
				54FB02842C4BD974004D8451 /* ChatSelectionViewModel.swift in Sources */,
				04EB98A72C54BA08001621A6 /* MealServices.swift in Sources */,
				547999812BE3E15B007A7CCE /* CircularProfileImageView.swift in Sources */,
				54E9D6D22C76726200CFD7A0 /* TopShadow.swift in Sources */,
				54FB02822C4BD907004D8451 /* ChatView.swift in Sources */,
				54A59C422C550FF200617B83 /* PopUpMessageView.swift in Sources */,
				541D35322BE3D7E600AF38AF /* RegistrationView.swift in Sources */,
				540CB1652C4BE71F0033F69F /* DashboardViewModel.swift in Sources */,
				547FE76E2C4A55BF00C80790 /* ProfilePageView.swift in Sources */,
				540CB16A2C4D05190033F69F /* MealInputView.swift in Sources */,
				541D35332BE3D7E600AF38AF /* SignInView.swift in Sources */,
				547999882BE41D7F007A7CCE /* MainMenuView.swift in Sources */,
				54C06B132BEA85D1005D98A7 /* ForgotPasswordView.swift in Sources */,
				54B80ECC2C5191350065B1B7 /* MealInputViewModel.swift in Sources */,
				54D631042BF77D2400AD4A66 /* DetailForm.swift in Sources */,
				547999712BE3DE05007A7CCE /* User.swift in Sources */,
				543AC1222BF27A7E004CC8E1 /* FirstTimeSignInView.swift in Sources */,
				54FB02862C4BD9EA004D8451 /* ChatViewModel.swift in Sources */,
				54D6310B2BF77DA000AD4A66 /* CardType.swift in Sources */,
				540CB1632C4BE7050033F69F /* DashboardView.swift in Sources */,
				547999722BE3DE05007A7CCE /* UserCell.swift in Sources */,
				541D352C2BE3D7E600AF38AF /* AuthServices.swift in Sources */,
				54E926B82BEE4835001ACDD8 /* ImageServices.swift in Sources */,
				541D91C52BE7D323000DED2B /* TapGestures(legacy).swift in Sources */,
				547999782BE3DE9E007A7CCE /* StringExtension.swift in Sources */,
				547FE76F2C4A55BF00C80790 /* ProfileViewModel.swift in Sources */,
				547999762BE3DE70007A7CCE /* AlertContent.swift in Sources */,
				54B4499B2BDD407B00E35D49 /* AppEntryView.swift in Sources */,
				047512BD2C5B2B40005F223A /* MealSectionView.swift in Sources */,
				5479997F2BE3E04F007A7CCE /* dividerOr.swift in Sources */,
				043097332BE6FBD60016FCD8 /* LibraryView.swift in Sources */,
				54B449992BDD407B00E35D49 /* Project_DHApp.swift in Sources */,
				54E9D6D42C76864400CFD7A0 /* UIConstants.swift in Sources */,
				547FE7722C4A566E00C80790 /* EditProfileView.swift in Sources */,
				54D6310D2BF77DF500AD4A66 /* CardListViewModel.swift in Sources */,
				54E9D6D02C76721E00CFD7A0 /* RoundedCornerShape.swift in Sources */,
				54A59C3E2C54E52F00617B83 /* FoodItem.swift in Sources */,
				547DA2DB2C711350003A37CA /* GradientColor.swift in Sources */,
				54E926B62BEE47D6001ACDD8 /* ImageTools.swift in Sources */,
				545700FC2C6E43C5008110D1 /* ProgressBarView.swift in Sources */,
				54BF6FE32C594095006151F6 /* MemoryManagement.swift in Sources */,
				043097382BE7018C0016FCD8 /* MockData.swift in Sources */,
				54C06B152BEBA129005D98A7 /* TimeManager.swift in Sources */,
				54FB02802C4BD8D9004D8451 /* ChatSelectionView.swift in Sources */,
				547999862BE41D65007A7CCE /* MenuViewModel.swift in Sources */,
			);
			runOnlyForDeploymentPostprocessing = 0;
		};
/* End PBXSourcesBuildPhase section */

/* Begin XCBuildConfiguration section */
		54B449A12BDD407C00E35D49 /* Debug */ = {
			isa = XCBuildConfiguration;
			buildSettings = {
				ALWAYS_SEARCH_USER_PATHS = NO;
				ASSETCATALOG_COMPILER_GENERATE_SWIFT_ASSET_SYMBOL_EXTENSIONS = YES;
				CLANG_ANALYZER_NONNULL = YES;
				CLANG_ANALYZER_NUMBER_OBJECT_CONVERSION = YES_AGGRESSIVE;
				CLANG_CXX_LANGUAGE_STANDARD = "gnu++20";
				CLANG_ENABLE_MODULES = YES;
				CLANG_ENABLE_OBJC_ARC = YES;
				CLANG_ENABLE_OBJC_WEAK = YES;
				CLANG_WARN_BLOCK_CAPTURE_AUTORELEASING = YES;
				CLANG_WARN_BOOL_CONVERSION = YES;
				CLANG_WARN_COMMA = YES;
				CLANG_WARN_CONSTANT_CONVERSION = YES;
				CLANG_WARN_DEPRECATED_OBJC_IMPLEMENTATIONS = YES;
				CLANG_WARN_DIRECT_OBJC_ISA_USAGE = YES_ERROR;
				CLANG_WARN_DOCUMENTATION_COMMENTS = YES;
				CLANG_WARN_EMPTY_BODY = YES;
				CLANG_WARN_ENUM_CONVERSION = YES;
				CLANG_WARN_INFINITE_RECURSION = YES;
				CLANG_WARN_INT_CONVERSION = YES;
				CLANG_WARN_NON_LITERAL_NULL_CONVERSION = YES;
				CLANG_WARN_OBJC_IMPLICIT_RETAIN_SELF = YES;
				CLANG_WARN_OBJC_LITERAL_CONVERSION = YES;
				CLANG_WARN_OBJC_ROOT_CLASS = YES_ERROR;
				CLANG_WARN_QUOTED_INCLUDE_IN_FRAMEWORK_HEADER = YES;
				CLANG_WARN_RANGE_LOOP_ANALYSIS = YES;
				CLANG_WARN_STRICT_PROTOTYPES = YES;
				CLANG_WARN_SUSPICIOUS_MOVE = YES;
				CLANG_WARN_UNGUARDED_AVAILABILITY = YES_AGGRESSIVE;
				CLANG_WARN_UNREACHABLE_CODE = YES;
				CLANG_WARN__DUPLICATE_METHOD_MATCH = YES;
				COPY_PHASE_STRIP = NO;
				DEBUG_INFORMATION_FORMAT = dwarf;
				ENABLE_STRICT_OBJC_MSGSEND = YES;
				ENABLE_TESTABILITY = YES;
				ENABLE_USER_SCRIPT_SANDBOXING = YES;
				GCC_C_LANGUAGE_STANDARD = gnu17;
				GCC_DYNAMIC_NO_PIC = NO;
				GCC_NO_COMMON_BLOCKS = YES;
				GCC_OPTIMIZATION_LEVEL = 0;
				GCC_PREPROCESSOR_DEFINITIONS = (
					"DEBUG=1",
					"$(inherited)",
				);
				GCC_WARN_64_TO_32_BIT_CONVERSION = YES;
				GCC_WARN_ABOUT_RETURN_TYPE = YES_ERROR;
				GCC_WARN_UNDECLARED_SELECTOR = YES;
				GCC_WARN_UNINITIALIZED_AUTOS = YES_AGGRESSIVE;
				GCC_WARN_UNUSED_FUNCTION = YES;
				GCC_WARN_UNUSED_VARIABLE = YES;
				IPHONEOS_DEPLOYMENT_TARGET = 17.4;
				LOCALIZATION_PREFERS_STRING_CATALOGS = YES;
				MTL_ENABLE_DEBUG_INFO = INCLUDE_SOURCE;
				MTL_FAST_MATH = YES;
				ONLY_ACTIVE_ARCH = YES;
				SDKROOT = iphoneos;
				SWIFT_ACTIVE_COMPILATION_CONDITIONS = "DEBUG $(inherited)";
				SWIFT_OPTIMIZATION_LEVEL = "-Onone";
			};
			name = Debug;
		};
		54B449A22BDD407C00E35D49 /* Release */ = {
			isa = XCBuildConfiguration;
			buildSettings = {
				ALWAYS_SEARCH_USER_PATHS = NO;
				ASSETCATALOG_COMPILER_GENERATE_SWIFT_ASSET_SYMBOL_EXTENSIONS = YES;
				CLANG_ANALYZER_NONNULL = YES;
				CLANG_ANALYZER_NUMBER_OBJECT_CONVERSION = YES_AGGRESSIVE;
				CLANG_CXX_LANGUAGE_STANDARD = "gnu++20";
				CLANG_ENABLE_MODULES = YES;
				CLANG_ENABLE_OBJC_ARC = YES;
				CLANG_ENABLE_OBJC_WEAK = YES;
				CLANG_WARN_BLOCK_CAPTURE_AUTORELEASING = YES;
				CLANG_WARN_BOOL_CONVERSION = YES;
				CLANG_WARN_COMMA = YES;
				CLANG_WARN_CONSTANT_CONVERSION = YES;
				CLANG_WARN_DEPRECATED_OBJC_IMPLEMENTATIONS = YES;
				CLANG_WARN_DIRECT_OBJC_ISA_USAGE = YES_ERROR;
				CLANG_WARN_DOCUMENTATION_COMMENTS = YES;
				CLANG_WARN_EMPTY_BODY = YES;
				CLANG_WARN_ENUM_CONVERSION = YES;
				CLANG_WARN_INFINITE_RECURSION = YES;
				CLANG_WARN_INT_CONVERSION = YES;
				CLANG_WARN_NON_LITERAL_NULL_CONVERSION = YES;
				CLANG_WARN_OBJC_IMPLICIT_RETAIN_SELF = YES;
				CLANG_WARN_OBJC_LITERAL_CONVERSION = YES;
				CLANG_WARN_OBJC_ROOT_CLASS = YES_ERROR;
				CLANG_WARN_QUOTED_INCLUDE_IN_FRAMEWORK_HEADER = YES;
				CLANG_WARN_RANGE_LOOP_ANALYSIS = YES;
				CLANG_WARN_STRICT_PROTOTYPES = YES;
				CLANG_WARN_SUSPICIOUS_MOVE = YES;
				CLANG_WARN_UNGUARDED_AVAILABILITY = YES_AGGRESSIVE;
				CLANG_WARN_UNREACHABLE_CODE = YES;
				CLANG_WARN__DUPLICATE_METHOD_MATCH = YES;
				COPY_PHASE_STRIP = NO;
				DEBUG_INFORMATION_FORMAT = "dwarf-with-dsym";
				ENABLE_NS_ASSERTIONS = NO;
				ENABLE_STRICT_OBJC_MSGSEND = YES;
				ENABLE_USER_SCRIPT_SANDBOXING = YES;
				GCC_C_LANGUAGE_STANDARD = gnu17;
				GCC_NO_COMMON_BLOCKS = YES;
				GCC_WARN_64_TO_32_BIT_CONVERSION = YES;
				GCC_WARN_ABOUT_RETURN_TYPE = YES_ERROR;
				GCC_WARN_UNDECLARED_SELECTOR = YES;
				GCC_WARN_UNINITIALIZED_AUTOS = YES_AGGRESSIVE;
				GCC_WARN_UNUSED_FUNCTION = YES;
				GCC_WARN_UNUSED_VARIABLE = YES;
				IPHONEOS_DEPLOYMENT_TARGET = 17.4;
				LOCALIZATION_PREFERS_STRING_CATALOGS = YES;
				MTL_ENABLE_DEBUG_INFO = NO;
				MTL_FAST_MATH = YES;
				SDKROOT = iphoneos;
				SWIFT_COMPILATION_MODE = wholemodule;
				VALIDATE_PRODUCT = YES;
			};
			name = Release;
		};
		54B449A42BDD407C00E35D49 /* Debug */ = {
			isa = XCBuildConfiguration;
			buildSettings = {
				ASSETCATALOG_COMPILER_APPICON_NAME = AppIcon;
				ASSETCATALOG_COMPILER_GLOBAL_ACCENT_COLOR_NAME = AccentColor;
				CODE_SIGN_ENTITLEMENTS = Project_DH/Project_DHDebug.entitlements;
				CODE_SIGN_STYLE = Automatic;
				CURRENT_PROJECT_VERSION = 1;
				DEVELOPMENT_ASSET_PATHS = "\"Project_DH/Preview Content\"";
				DEVELOPMENT_TEAM = 6P9KB87628;
				ENABLE_PREVIEWS = YES;
				GENERATE_INFOPLIST_FILE = YES;
				INFOPLIST_FILE = "Project-DH-Info.plist";
				INFOPLIST_KEY_CFBundleDisplayName = DH;
				INFOPLIST_KEY_LSApplicationCategoryType = "public.app-category.business";
				INFOPLIST_KEY_NSCameraUsageDescription = "";
				INFOPLIST_KEY_NSPhotoLibraryUsageDescription = "";
				INFOPLIST_KEY_UIApplicationSceneManifest_Generation = YES;
				INFOPLIST_KEY_UIApplicationSupportsIndirectInputEvents = YES;
				INFOPLIST_KEY_UILaunchScreen_Generation = YES;
				INFOPLIST_KEY_UISupportedInterfaceOrientations_iPad = "UIInterfaceOrientationPortrait UIInterfaceOrientationPortraitUpsideDown UIInterfaceOrientationLandscapeLeft UIInterfaceOrientationLandscapeRight";
				INFOPLIST_KEY_UISupportedInterfaceOrientations_iPhone = "UIInterfaceOrientationPortrait UIInterfaceOrientationLandscapeLeft UIInterfaceOrientationLandscapeRight";
				LD_RUNPATH_SEARCH_PATHS = (
					"$(inherited)",
					"@executable_path/Frameworks",
				);
				MARKETING_VERSION = 0.0.1;
				PRODUCT_BUNDLE_IDENTIFIER = com.synapcompany.projectdh;
				PRODUCT_NAME = "$(TARGET_NAME)";
				SUPPORTED_PLATFORMS = "iphoneos iphonesimulator";
				SUPPORTS_MACCATALYST = NO;
				SUPPORTS_MAC_DESIGNED_FOR_IPHONE_IPAD = NO;
				SUPPORTS_XR_DESIGNED_FOR_IPHONE_IPAD = NO;
				SWIFT_EMIT_LOC_STRINGS = YES;
				SWIFT_VERSION = 5.0;
				TARGETED_DEVICE_FAMILY = 1;
			};
			name = Debug;
		};
		54B449A52BDD407C00E35D49 /* Release */ = {
			isa = XCBuildConfiguration;
			buildSettings = {
				ASSETCATALOG_COMPILER_APPICON_NAME = AppIcon;
				ASSETCATALOG_COMPILER_GLOBAL_ACCENT_COLOR_NAME = AccentColor;
				CODE_SIGN_ENTITLEMENTS = Project_DH/Project_DH.entitlements;
				CODE_SIGN_IDENTITY = "Apple Development";
				CODE_SIGN_STYLE = Automatic;
				CURRENT_PROJECT_VERSION = 1;
				DEVELOPMENT_ASSET_PATHS = "\"Project_DH/Preview Content\"";
				DEVELOPMENT_TEAM = 6P9KB87628;
				ENABLE_PREVIEWS = YES;
				GENERATE_INFOPLIST_FILE = YES;
				INFOPLIST_FILE = "Project-DH-Info.plist";
				INFOPLIST_KEY_CFBundleDisplayName = DH;
				INFOPLIST_KEY_LSApplicationCategoryType = "public.app-category.business";
				INFOPLIST_KEY_NSCameraUsageDescription = "";
				INFOPLIST_KEY_NSPhotoLibraryUsageDescription = "";
				INFOPLIST_KEY_UIApplicationSceneManifest_Generation = YES;
				INFOPLIST_KEY_UIApplicationSupportsIndirectInputEvents = YES;
				INFOPLIST_KEY_UILaunchScreen_Generation = YES;
				INFOPLIST_KEY_UISupportedInterfaceOrientations_iPad = "UIInterfaceOrientationPortrait UIInterfaceOrientationPortraitUpsideDown UIInterfaceOrientationLandscapeLeft UIInterfaceOrientationLandscapeRight";
				INFOPLIST_KEY_UISupportedInterfaceOrientations_iPhone = "UIInterfaceOrientationPortrait UIInterfaceOrientationLandscapeLeft UIInterfaceOrientationLandscapeRight";
				LD_RUNPATH_SEARCH_PATHS = (
					"$(inherited)",
					"@executable_path/Frameworks",
				);
				MARKETING_VERSION = 0.0.1;
				PRODUCT_BUNDLE_IDENTIFIER = com.synapcompany.projectdh;
				PRODUCT_NAME = "$(TARGET_NAME)";
				PROVISIONING_PROFILE_SPECIFIER = "";
				SUPPORTED_PLATFORMS = "iphoneos iphonesimulator";
				SUPPORTS_MACCATALYST = NO;
				SUPPORTS_MAC_DESIGNED_FOR_IPHONE_IPAD = NO;
				SUPPORTS_XR_DESIGNED_FOR_IPHONE_IPAD = NO;
				SWIFT_EMIT_LOC_STRINGS = YES;
				SWIFT_VERSION = 5.0;
				TARGETED_DEVICE_FAMILY = 1;
			};
			name = Release;
		};
/* End XCBuildConfiguration section */

/* Begin XCConfigurationList section */
		54B449902BDD407B00E35D49 /* Build configuration list for PBXProject "Project_DH" */ = {
			isa = XCConfigurationList;
			buildConfigurations = (
				54B449A12BDD407C00E35D49 /* Debug */,
				54B449A22BDD407C00E35D49 /* Release */,
			);
			defaultConfigurationIsVisible = 0;
			defaultConfigurationName = Release;
		};
		54B449A32BDD407C00E35D49 /* Build configuration list for PBXNativeTarget "Project_DH" */ = {
			isa = XCConfigurationList;
			buildConfigurations = (
				54B449A42BDD407C00E35D49 /* Debug */,
				54B449A52BDD407C00E35D49 /* Release */,
			);
			defaultConfigurationIsVisible = 0;
			defaultConfigurationName = Release;
		};
/* End XCConfigurationList section */

/* Begin XCRemoteSwiftPackageReference section */
		541D35362BE3DA2600AF38AF /* XCRemoteSwiftPackageReference "firebase-ios-sdk" */ = {
			isa = XCRemoteSwiftPackageReference;
			repositoryURL = "https://github.com/firebase/firebase-ios-sdk.git";
			requirement = {
				kind = upToNextMajorVersion;
				minimumVersion = 10.25.0;
			};
		};
		541D91C62BE7DC75000DED2B /* XCRemoteSwiftPackageReference "GoogleSignIn-iOS" */ = {
			isa = XCRemoteSwiftPackageReference;
			repositoryURL = "https://github.com/google/GoogleSignIn-iOS.git";
			requirement = {
				kind = upToNextMajorVersion;
				minimumVersion = 7.1.0;
			};
		};
		547999822BE40D04007A7CCE /* XCRemoteSwiftPackageReference "Kingfisher" */ = {
			isa = XCRemoteSwiftPackageReference;
			repositoryURL = "https://github.com/onevcat/Kingfisher.git";
			requirement = {
				kind = upToNextMajorVersion;
				minimumVersion = 7.11.0;
			};
		};
		54FB02892C4BDAD9004D8451 /* XCRemoteSwiftPackageReference "OpenAI" */ = {
			isa = XCRemoteSwiftPackageReference;
			repositoryURL = "https://github.com/MacPaw/OpenAI.git";
			requirement = {
				kind = upToNextMajorVersion;
				minimumVersion = 0.3.0;
			};
		};
/* End XCRemoteSwiftPackageReference section */

/* Begin XCSwiftPackageProductDependency section */
		541D91C72BE7DC75000DED2B /* GoogleSignIn */ = {
			isa = XCSwiftPackageProductDependency;
			package = 541D91C62BE7DC75000DED2B /* XCRemoteSwiftPackageReference "GoogleSignIn-iOS" */;
			productName = GoogleSignIn;
		};
		541D91C92BE7DC75000DED2B /* GoogleSignInSwift */ = {
			isa = XCSwiftPackageProductDependency;
			package = 541D91C62BE7DC75000DED2B /* XCRemoteSwiftPackageReference "GoogleSignIn-iOS" */;
			productName = GoogleSignInSwift;
		};
		547999652BE3DD80007A7CCE /* FirebaseAuth */ = {
			isa = XCSwiftPackageProductDependency;
			package = 541D35362BE3DA2600AF38AF /* XCRemoteSwiftPackageReference "firebase-ios-sdk" */;
			productName = FirebaseAuth;
		};
		547999672BE3DD80007A7CCE /* FirebaseFirestore */ = {
			isa = XCSwiftPackageProductDependency;
			package = 541D35362BE3DA2600AF38AF /* XCRemoteSwiftPackageReference "firebase-ios-sdk" */;
			productName = FirebaseFirestore;
		};
		547999692BE3DD80007A7CCE /* FirebaseFirestoreSwift */ = {
			isa = XCSwiftPackageProductDependency;
			package = 541D35362BE3DA2600AF38AF /* XCRemoteSwiftPackageReference "firebase-ios-sdk" */;
			productName = FirebaseFirestoreSwift;
		};
		5479996B2BE3DD80007A7CCE /* FirebaseStorage */ = {
			isa = XCSwiftPackageProductDependency;
			package = 541D35362BE3DA2600AF38AF /* XCRemoteSwiftPackageReference "firebase-ios-sdk" */;
			productName = FirebaseStorage;
		};
		547999832BE40D04007A7CCE /* Kingfisher */ = {
			isa = XCSwiftPackageProductDependency;
			package = 547999822BE40D04007A7CCE /* XCRemoteSwiftPackageReference "Kingfisher" */;
			productName = Kingfisher;
		};
		54FB028A2C4BDAD9004D8451 /* OpenAI */ = {
			isa = XCSwiftPackageProductDependency;
			package = 54FB02892C4BDAD9004D8451 /* XCRemoteSwiftPackageReference "OpenAI" */;
			productName = OpenAI;
		};
/* End XCSwiftPackageProductDependency section */
	};
	rootObject = 54B4498D2BDD407B00E35D49 /* Project object */;
}
